
Microsoft Visual Studio Solution File, Format Version 12.00
# Visual Studio Version 17
VisualStudioVersion = 17.11.35222.181
MinimumVisualStudioVersion = 10.0.40219.1
Project("{FAE04EC0-301F-11D3-BF4B-00C04F79EFBC}") = "PresentationLayer", "PresentationLayer\PresentationLayer.csproj", "{EE65D515-F939-4AEF-90FD-5B8622D80C0E}"
EndProject
Project("{FAE04EC0-301F-11D3-BF4B-00C04F79EFBC}") = "DataAccessLayer", "DataAccessLayer\DataAccessLayer.csproj", "{2CF00B33-09F9-4862-8A51-03D5CA4E0176}"
EndProject
Project("{FAE04EC0-301F-11D3-BF4B-00C04F79EFBC}") = "BusinessLayer", "BusinessLayer\BusinessLayer.csproj", "{B5F2F33A-D870-490E-B150-66183444D85B}"
EndProject
Project("{FAE04EC0-301F-11D3-BF4B-00C04F79EFBC}") = "CommonLayer", "CommonLayer\CommonLayer.csproj", "{7E49FBE0-3E23-459C-ABE2-BC4806B64170}"
EndProject
Global
	GlobalSection(SolutionConfigurationPlatforms) = preSolution
		Debug|Any CPU = Debug|Any CPU
		Release|Any CPU = Release|Any CPU
	EndGlobalSection
	GlobalSection(ProjectConfigurationPlatforms) = postSolution
		{EE65D515-F939-4AEF-90FD-5B8622D80C0E}.Debug|Any CPU.ActiveCfg = Debug|Any CPU
		{EE65D515-F939-4AEF-90FD-5B8622D80C0E}.Debug|Any CPU.Build.0 = Debug|Any CPU
		{EE65D515-F939-4AEF-90FD-5B8622D80C0E}.Release|Any CPU.ActiveCfg = Release|Any CPU
		{EE65D515-F939-4AEF-90FD-5B8622D80C0E}.Release|Any CPU.Build.0 = Release|Any CPU
		{2CF00B33-09F9-4862-8A51-03D5CA4E0176}.Debug|Any CPU.ActiveCfg = Debug|Any CPU
		{2CF00B33-09F9-4862-8A51-03D5CA4E0176}.Debug|Any CPU.Build.0 = Debug|Any CPU
		{2CF00B33-09F9-4862-8A51-03D5CA4E0176}.Release|Any CPU.ActiveCfg = Release|Any CPU
		{2CF00B33-09F9-4862-8A51-03D5CA4E0176}.Release|Any CPU.Build.0 = Release|Any CPU
		{B5F2F33A-D870-490E-B150-66183444D85B}.Debug|Any CPU.ActiveCfg = Debug|Any CPU
		{B5F2F33A-D870-490E-B150-66183444D85B}.Debug|Any CPU.Build.0 = Debug|Any CPU
		{B5F2F33A-D870-490E-B150-66183444D85B}.Release|Any CPU.ActiveCfg = Release|Any CPU
		{B5F2F33A-D870-490E-B150-66183444D85B}.Release|Any CPU.Build.0 = Release|Any CPU
		{7E49FBE0-3E23-459C-ABE2-BC4806B64170}.Debug|Any CPU.ActiveCfg = Debug|Any CPU
		{7E49FBE0-3E23-459C-ABE2-BC4806B64170}.Debug|Any CPU.Build.0 = Debug|Any CPU
		{7E49FBE0-3E23-459C-ABE2-BC4806B64170}.Release|Any CPU.ActiveCfg = Release|Any CPU
		{7E49FBE0-3E23-459C-ABE2-BC4806B64170}.Release|Any CPU.Build.0 = Release|Any CPU
	EndGlobalSection
	GlobalSection(SolutionProperties) = preSolution
		HideSolutionNode = FALSE
	EndGlobalSection
	GlobalSection(ExtensibilityGlobals) = postSolution
		SolutionGuid = {3AB65D24-1345-4875-9ED1-3C699F15D155}
	EndGlobalSection
EndGlobal
