
Microsoft Visual Studio Solution File, Format Version 12.00
# Visual Studio Version 17
VisualStudioVersion = 17.11.35312.102
MinimumVisualStudioVersion = 10.0.40219.1
Project("{FAE04EC0-301F-11D3-BF4B-00C04F79EFBC}") = "PresentationLayer", "PresentationLayer\PresentationLayer.csproj", "{F291DDF1-B147-444C-91B6-2886C59563AB}"
EndProject
Project("{FAE04EC0-301F-11D3-BF4B-00C04F79EFBC}") = "CommonLayer", "CommonLayer\CommonLayer.csproj", "{A1D41A8A-8FCB-40E0-BEB8-2A0E9B2890D3}"
EndProject
Project("{FAE04EC0-301F-11D3-BF4B-00C04F79EFBC}") = "DataLayer", "DataLayer\DataLayer.csproj", "{893D6101-D0A8-4FC2-8407-06CF77B085A0}"
EndProject
Project("{FAE04EC0-301F-11D3-BF4B-00C04F79EFBC}") = "BusinessLayer", "BusinessLayer\BusinessLayer.csproj", "{5E8AFEEF-D53E-40CF-89EB-C022F3891818}"
EndProject
Global
	GlobalSection(SolutionConfigurationPlatforms) = preSolution
		Debug|Any CPU = Debug|Any CPU
		Release|Any CPU = Release|Any CPU
	EndGlobalSection
	GlobalSection(ProjectConfigurationPlatforms) = postSolution
		{F291DDF1-B147-444C-91B6-2886C59563AB}.Debug|Any CPU.ActiveCfg = Debug|Any CPU
		{F291DDF1-B147-444C-91B6-2886C59563AB}.Debug|Any CPU.Build.0 = Debug|Any CPU
		{F291DDF1-B147-444C-91B6-2886C59563AB}.Release|Any CPU.ActiveCfg = Release|Any CPU
		{F291DDF1-B147-444C-91B6-2886C59563AB}.Release|Any CPU.Build.0 = Release|Any CPU
		{A1D41A8A-8FCB-40E0-BEB8-2A0E9B2890D3}.Debug|Any CPU.ActiveCfg = Debug|Any CPU
		{A1D41A8A-8FCB-40E0-BEB8-2A0E9B2890D3}.Debug|Any CPU.Build.0 = Debug|Any CPU
		{A1D41A8A-8FCB-40E0-BEB8-2A0E9B2890D3}.Release|Any CPU.ActiveCfg = Release|Any CPU
		{A1D41A8A-8FCB-40E0-BEB8-2A0E9B2890D3}.Release|Any CPU.Build.0 = Release|Any CPU
		{893D6101-D0A8-4FC2-8407-06CF77B085A0}.Debug|Any CPU.ActiveCfg = Debug|Any CPU
		{893D6101-D0A8-4FC2-8407-06CF77B085A0}.Debug|Any CPU.Build.0 = Debug|Any CPU
		{893D6101-D0A8-4FC2-8407-06CF77B085A0}.Release|Any CPU.ActiveCfg = Release|Any CPU
		{893D6101-D0A8-4FC2-8407-06CF77B085A0}.Release|Any CPU.Build.0 = Release|Any CPU
		{5E8AFEEF-D53E-40CF-89EB-C022F3891818}.Debug|Any CPU.ActiveCfg = Debug|Any CPU
		{5E8AFEEF-D53E-40CF-89EB-C022F3891818}.Debug|Any CPU.Build.0 = Debug|Any CPU
		{5E8AFEEF-D53E-40CF-89EB-C022F3891818}.Release|Any CPU.ActiveCfg = Release|Any CPU
		{5E8AFEEF-D53E-40CF-89EB-C022F3891818}.Release|Any CPU.Build.0 = Release|Any CPU
	EndGlobalSection
	GlobalSection(SolutionProperties) = preSolution
		HideSolutionNode = FALSE
	EndGlobalSection
	GlobalSection(ExtensibilityGlobals) = postSolution
		SolutionGuid = {65177912-D9E2-43C7-A7EC-68E0CB52227F}
	EndGlobalSection
EndGlobal
